
Microsoft Visual Studio Solution File, Format Version 12.00
# Visual Studio Version 17
VisualStudioVersion = 17.7.34031.279
MinimumVisualStudioVersion = 10.0.40219.1
Project("{FAE04EC0-301F-11D3-BF4B-00C04F79EFBC}") = "PRACTIC2T", "PRACTIC2T\PRACTIC2T.csproj", "{FBCA6BFF-4146-4EA4-B8D9-374E22926D7F}"
EndProject
Global
	GlobalSection(SolutionConfigurationPlatforms) = preSolution
		Debug|Any CPU = Debug|Any CPU
		Release|Any CPU = Release|Any CPU
	EndGlobalSection
	GlobalSection(ProjectConfigurationPlatforms) = postSolution
		{FBCA6BFF-4146-4EA4-B8D9-374E22926D7F}.Debug|Any CPU.ActiveCfg = Debug|Any CPU
		{FBCA6BFF-4146-4EA4-B8D9-374E22926D7F}.Debug|Any CPU.Build.0 = Debug|Any CPU
		{FBCA6BFF-4146-4EA4-B8D9-374E22926D7F}.Release|Any CPU.ActiveCfg = Release|Any CPU
		{FBCA6BFF-4146-4EA4-B8D9-374E22926D7F}.Release|Any CPU.Build.0 = Release|Any CPU
	EndGlobalSection
	GlobalSection(SolutionProperties) = preSolution
		HideSolutionNode = FALSE
	EndGlobalSection
	GlobalSection(ExtensibilityGlobals) = postSolution
		SolutionGuid = {EEC32B79-B023-447F-A4F7-3D88527954F8}
	EndGlobalSection
EndGlobal
